<?xml version="1.0" encoding="UTF-8"?>
<CodeBlocks_project_file>
	<FileVersion major="1" minor="6"/>
	<Project>
		<Option title="quaternions"/>
		<Option makefile_is_custom="1"/>
		<Option compiler="gcc"/>
		<Option virtualFolders="CMake Files\;"/>
		<Build>
			<Target title="all">
				<Option working_dir="/home/vladimir/CLionProjects/quaternions"/>
				<Option type="4"/>
				<MakeCommands>
					<Build command="/usr/bin/make -j4 -f &quot;/home/vladimir/CLionProjects/quaternions/Makefile&quot;  VERBOSE=1 all"/>
					<CompileFile command="/usr/bin/make -j4 -f &quot;/home/vladimir/CLionProjects/quaternions/Makefile&quot;  VERBOSE=1 &quot;$file&quot;"/>
					<Clean command="/usr/bin/make -j4 -f &quot;/home/vladimir/CLionProjects/quaternions/Makefile&quot;  VERBOSE=1 clean"/>
					<DistClean command="/usr/bin/make -j4 -f &quot;/home/vladimir/CLionProjects/quaternions/Makefile&quot;  VERBOSE=1 clean"/>
				</MakeCommands>
			</Target>
			<Target title="rebuild_cache">
				<Option working_dir="/home/vladimir/CLionProjects/quaternions"/>
				<Option type="4"/>
				<MakeCommands>
					<Build command="/usr/bin/make -j4 -f &quot;/home/vladimir/CLionProjects/quaternions/Makefile&quot;  VERBOSE=1 rebuild_cache"/>
					<CompileFile command="/usr/bin/make -j4 -f &quot;/home/vladimir/CLionProjects/quaternions/Makefile&quot;  VERBOSE=1 &quot;$file&quot;"/>
					<Clean command="/usr/bin/make -j4 -f &quot;/home/vladimir/CLionProjects/quaternions/Makefile&quot;  VERBOSE=1 clean"/>
					<DistClean command="/usr/bin/make -j4 -f &quot;/home/vladimir/CLionProjects/quaternions/Makefile&quot;  VERBOSE=1 clean"/>
				</MakeCommands>
			</Target>
			<Target title="edit_cache">
				<Option working_dir="/home/vladimir/CLionProjects/quaternions"/>
				<Option type="4"/>
				<MakeCommands>
					<Build command="/usr/bin/make -j4 -f &quot;/home/vladimir/CLionProjects/quaternions/Makefile&quot;  VERBOSE=1 edit_cache"/>
					<CompileFile command="/usr/bin/make -j4 -f &quot;/home/vladimir/CLionProjects/quaternions/Makefile&quot;  VERBOSE=1 &quot;$file&quot;"/>
					<Clean command="/usr/bin/make -j4 -f &quot;/home/vladimir/CLionProjects/quaternions/Makefile&quot;  VERBOSE=1 clean"/>
					<DistClean command="/usr/bin/make -j4 -f &quot;/home/vladimir/CLionProjects/quaternions/Makefile&quot;  VERBOSE=1 clean"/>
				</MakeCommands>
			</Target>
			<Target title="test_qtr">
				<Option output="/home/vladimir/CLionProjects/quaternions/test_qtr" prefix_auto="0" extension_auto="0"/>
				<Option working_dir="/home/vladimir/CLionProjects/quaternions"/>
				<Option object_output="./"/>
				<Option type="1"/>
				<Option compiler="gcc"/>
				<Compiler>
					<Add directory="/usr/include/c++/5"/>
					<Add directory="/usr/include/x86_64-linux-gnu/c++/5"/>
					<Add directory="/usr/include/c++/5/backward"/>
					<Add directory="/usr/lib/gcc/x86_64-linux-gnu/5/include"/>
					<Add directory="/usr/local/include"/>
					<Add directory="/usr/lib/gcc/x86_64-linux-gnu/5/include-fixed"/>
					<Add directory="/usr/include/x86_64-linux-gnu"/>
					<Add directory="/usr/include"/>
				</Compiler>
				<MakeCommands>
					<Build command="/usr/bin/make -j4 -f &quot;/home/vladimir/CLionProjects/quaternions/Makefile&quot;  VERBOSE=1 test_qtr"/>
					<CompileFile command="/usr/bin/make -j4 -f &quot;/home/vladimir/CLionProjects/quaternions/Makefile&quot;  VERBOSE=1 &quot;$file&quot;"/>
					<Clean command="/usr/bin/make -j4 -f &quot;/home/vladimir/CLionProjects/quaternions/Makefile&quot;  VERBOSE=1 clean"/>
					<DistClean command="/usr/bin/make -j4 -f &quot;/home/vladimir/CLionProjects/quaternions/Makefile&quot;  VERBOSE=1 clean"/>
				</MakeCommands>
			</Target>
			<Target title="test_qtr/fast">
				<Option output="/home/vladimir/CLionProjects/quaternions/test_qtr" prefix_auto="0" extension_auto="0"/>
				<Option working_dir="/home/vladimir/CLionProjects/quaternions"/>
				<Option object_output="./"/>
				<Option type="1"/>
				<Option compiler="gcc"/>
				<Compiler>
					<Add directory="/usr/include/c++/5"/>
					<Add directory="/usr/include/x86_64-linux-gnu/c++/5"/>
					<Add directory="/usr/include/c++/5/backward"/>
					<Add directory="/usr/lib/gcc/x86_64-linux-gnu/5/include"/>
					<Add directory="/usr/local/include"/>
					<Add directory="/usr/lib/gcc/x86_64-linux-gnu/5/include-fixed"/>
					<Add directory="/usr/include/x86_64-linux-gnu"/>
					<Add directory="/usr/include"/>
				</Compiler>
				<MakeCommands>
					<Build command="/usr/bin/make -j4 -f &quot;/home/vladimir/CLionProjects/quaternions/Makefile&quot;  VERBOSE=1 test_qtr/fast"/>
					<CompileFile command="/usr/bin/make -j4 -f &quot;/home/vladimir/CLionProjects/quaternions/Makefile&quot;  VERBOSE=1 &quot;$file&quot;"/>
					<Clean command="/usr/bin/make -j4 -f &quot;/home/vladimir/CLionProjects/quaternions/Makefile&quot;  VERBOSE=1 clean"/>
					<DistClean command="/usr/bin/make -j4 -f &quot;/home/vladimir/CLionProjects/quaternions/Makefile&quot;  VERBOSE=1 clean"/>
				</MakeCommands>
			</Target>
			<Target title="qtr_lib">
				<Option output="/home/vladimir/CLionProjects/quaternions/libqtr_lib.a" prefix_auto="0" extension_auto="0"/>
				<Option working_dir="/home/vladimir/CLionProjects/quaternions"/>
				<Option object_output="./"/>
				<Option type="2"/>
				<Option compiler="gcc"/>
				<Compiler>
					<Add directory="/usr/include/c++/5"/>
					<Add directory="/usr/include/x86_64-linux-gnu/c++/5"/>
					<Add directory="/usr/include/c++/5/backward"/>
					<Add directory="/usr/lib/gcc/x86_64-linux-gnu/5/include"/>
					<Add directory="/usr/local/include"/>
					<Add directory="/usr/lib/gcc/x86_64-linux-gnu/5/include-fixed"/>
					<Add directory="/usr/include/x86_64-linux-gnu"/>
					<Add directory="/usr/include"/>
				</Compiler>
				<MakeCommands>
					<Build command="/usr/bin/make -j4 -f &quot;/home/vladimir/CLionProjects/quaternions/Makefile&quot;  VERBOSE=1 qtr_lib"/>
					<CompileFile command="/usr/bin/make -j4 -f &quot;/home/vladimir/CLionProjects/quaternions/Makefile&quot;  VERBOSE=1 &quot;$file&quot;"/>
					<Clean command="/usr/bin/make -j4 -f &quot;/home/vladimir/CLionProjects/quaternions/Makefile&quot;  VERBOSE=1 clean"/>
					<DistClean command="/usr/bin/make -j4 -f &quot;/home/vladimir/CLionProjects/quaternions/Makefile&quot;  VERBOSE=1 clean"/>
				</MakeCommands>
			</Target>
			<Target title="qtr_lib/fast">
				<Option output="/home/vladimir/CLionProjects/quaternions/libqtr_lib.a" prefix_auto="0" extension_auto="0"/>
				<Option working_dir="/home/vladimir/CLionProjects/quaternions"/>
				<Option object_output="./"/>
				<Option type="2"/>
				<Option compiler="gcc"/>
				<Compiler>
					<Add directory="/usr/include/c++/5"/>
					<Add directory="/usr/include/x86_64-linux-gnu/c++/5"/>
					<Add directory="/usr/include/c++/5/backward"/>
					<Add directory="/usr/lib/gcc/x86_64-linux-gnu/5/include"/>
					<Add directory="/usr/local/include"/>
					<Add directory="/usr/lib/gcc/x86_64-linux-gnu/5/include-fixed"/>
					<Add directory="/usr/include/x86_64-linux-gnu"/>
					<Add directory="/usr/include"/>
				</Compiler>
				<MakeCommands>
					<Build command="/usr/bin/make -j4 -f &quot;/home/vladimir/CLionProjects/quaternions/Makefile&quot;  VERBOSE=1 qtr_lib/fast"/>
					<CompileFile command="/usr/bin/make -j4 -f &quot;/home/vladimir/CLionProjects/quaternions/Makefile&quot;  VERBOSE=1 &quot;$file&quot;"/>
					<Clean command="/usr/bin/make -j4 -f &quot;/home/vladimir/CLionProjects/quaternions/Makefile&quot;  VERBOSE=1 clean"/>
					<DistClean command="/usr/bin/make -j4 -f &quot;/home/vladimir/CLionProjects/quaternions/Makefile&quot;  VERBOSE=1 clean"/>
				</MakeCommands>
			</Target>
		</Build>
		<Unit filename="/home/vladimir/CLionProjects/quaternions/qtr_algebra.cpp">
			<Option target="qtr_lib"/>
		</Unit>
		<Unit filename="/home/vladimir/CLionProjects/quaternions/qtr_algebra.hpp">
			<Option target="qtr_lib"/>
		</Unit>
		<Unit filename="/home/vladimir/CLionProjects/quaternions/test.cpp">
			<Option target="test_qtr"/>
		</Unit>
		<Unit filename="/home/vladimir/CLionProjects/quaternions/CMakeLists.txt">
			<Option virtualFolder="CMake Files\"/>
		</Unit>
	</Project>
</CodeBlocks_project_file>
